// !$*UTF8*$!
{
	archiveVersion = 1;
	classes = {
	};
	objectVersion = 46;
	objects = {

/* Begin PBXBuildFile section */
		962E3624C4CF4EE6B672A184 /* Pods_MapTeam.framework in Frameworks */ = {isa = PBXBuildFile; fileRef = ED95203AF08B4BFB6E9B8C3B /* Pods_MapTeam.framework */; };
		BF9480FF21F72F0C008CFE75 /* AppDelegate.swift in Sources */ = {isa = PBXBuildFile; fileRef = BF9480FE21F72F0C008CFE75 /* AppDelegate.swift */; };
		BF94810121F72F0C008CFE75 /* ViewController.swift in Sources */ = {isa = PBXBuildFile; fileRef = BF94810021F72F0C008CFE75 /* ViewController.swift */; };
		BF94810421F72F0C008CFE75 /* Main.storyboard in Resources */ = {isa = PBXBuildFile; fileRef = BF94810221F72F0C008CFE75 /* Main.storyboard */; };
		BF94810621F72F0C008CFE75 /* Assets.xcassets in Resources */ = {isa = PBXBuildFile; fileRef = BF94810521F72F0C008CFE75 /* Assets.xcassets */; };
		BF94810921F72F0C008CFE75 /* LaunchScreen.storyboard in Resources */ = {isa = PBXBuildFile; fileRef = BF94810721F72F0C008CFE75 /* LaunchScreen.storyboard */; };
		BF94811121F74F98008CFE75 /* MapKit.framework in Frameworks */ = {isa = PBXBuildFile; fileRef = BF94811021F74F98008CFE75 /* MapKit.framework */; };
/* End PBXBuildFile section */

/* Begin PBXFileReference section */
		33CD3827817069FD2FC50918 /* Pods-MapTeam.release.xcconfig */ = {isa = PBXFileReference; includeInIndex = 1; lastKnownFileType = text.xcconfig; name = "Pods-MapTeam.release.xcconfig"; path = "Pods/Target Support Files/Pods-MapTeam/Pods-MapTeam.release.xcconfig"; sourceTree = "<group>"; };
		49CFAA24BBE7615564F45696 /* Pods-MapTeam.debug.xcconfig */ = {isa = PBXFileReference; includeInIndex = 1; lastKnownFileType = text.xcconfig; name = "Pods-MapTeam.debug.xcconfig"; path = "Pods/Target Support Files/Pods-MapTeam/Pods-MapTeam.debug.xcconfig"; sourceTree = "<group>"; };
		BF9480FB21F72F0C008CFE75 /* MapTeam.app */ = {isa = PBXFileReference; explicitFileType = wrapper.application; includeInIndex = 0; path = MapTeam.app; sourceTree = BUILT_PRODUCTS_DIR; };
		BF9480FE21F72F0C008CFE75 /* AppDelegate.swift */ = {isa = PBXFileReference; lastKnownFileType = sourcecode.swift; path = AppDelegate.swift; sourceTree = "<group>"; };
		BF94810021F72F0C008CFE75 /* ViewController.swift */ = {isa = PBXFileReference; lastKnownFileType = sourcecode.swift; path = ViewController.swift; sourceTree = "<group>"; };
		BF94810321F72F0C008CFE75 /* Base */ = {isa = PBXFileReference; lastKnownFileType = file.storyboard; name = Base; path = Base.lproj/Main.storyboard; sourceTree = "<group>"; };
		BF94810521F72F0C008CFE75 /* Assets.xcassets */ = {isa = PBXFileReference; lastKnownFileType = folder.assetcatalog; path = Assets.xcassets; sourceTree = "<group>"; };
		BF94810821F72F0C008CFE75 /* Base */ = {isa = PBXFileReference; lastKnownFileType = file.storyboard; name = Base; path = Base.lproj/LaunchScreen.storyboard; sourceTree = "<group>"; };
		BF94810A21F72F0C008CFE75 /* Info.plist */ = {isa = PBXFileReference; lastKnownFileType = text.plist.xml; path = Info.plist; sourceTree = "<group>"; };
		BF94811021F74F98008CFE75 /* MapKit.framework */ = {isa = PBXFileReference; lastKnownFileType = wrapper.framework; name = MapKit.framework; path = System/Library/Frameworks/MapKit.framework; sourceTree = SDKROOT; };
		BF94811221F86E2A008CFE75 /* Saint-Q.gpx */ = {isa = PBXFileReference; lastKnownFileType = text.xml; path = "Saint-Q.gpx"; sourceTree = "<group>"; };
		ED95203AF08B4BFB6E9B8C3B /* Pods_MapTeam.framework */ = {isa = PBXFileReference; explicitFileType = wrapper.framework; includeInIndex = 0; path = Pods_MapTeam.framework; sourceTree = BUILT_PRODUCTS_DIR; };
/* End PBXFileReference section */

/* Begin PBXFrameworksBuildPhase section */
		BF9480F821F72F0B008CFE75 /* Frameworks */ = {
			isa = PBXFrameworksBuildPhase;
			buildActionMask = 2147483647;
			files = (
				BF94811121F74F98008CFE75 /* MapKit.framework in Frameworks */,
				962E3624C4CF4EE6B672A184 /* Pods_MapTeam.framework in Frameworks */,
			);
			runOnlyForDeploymentPostprocessing = 0;
		};
/* End PBXFrameworksBuildPhase section */

/* Begin PBXGroup section */
		49B94BF7B974112854FDD563 /* Pods */ = {
			isa = PBXGroup;
			children = (
				49CFAA24BBE7615564F45696 /* Pods-MapTeam.debug.xcconfig */,
				33CD3827817069FD2FC50918 /* Pods-MapTeam.release.xcconfig */,
			);
			name = Pods;
			sourceTree = "<group>";
		};
		BF9480F221F72F0B008CFE75 = {
			isa = PBXGroup;
			children = (
				BF9480FD21F72F0C008CFE75 /* MapTeam */,
				BF9480FC21F72F0C008CFE75 /* Products */,
				49B94BF7B974112854FDD563 /* Pods */,
				E54CB710850C4846D236186C /* Frameworks */,
			);
			sourceTree = "<group>";
		};
		BF9480FC21F72F0C008CFE75 /* Products */ = {
			isa = PBXGroup;
			children = (
				BF9480FB21F72F0C008CFE75 /* MapTeam.app */,
			);
			name = Products;
			sourceTree = "<group>";
		};
		BF9480FD21F72F0C008CFE75 /* MapTeam */ = {
			isa = PBXGroup;
			children = (
				BF9480FE21F72F0C008CFE75 /* AppDelegate.swift */,
				BF94810021F72F0C008CFE75 /* ViewController.swift */,
				BF94810221F72F0C008CFE75 /* Main.storyboard */,
				BF94810521F72F0C008CFE75 /* Assets.xcassets */,
				BF94810721F72F0C008CFE75 /* LaunchScreen.storyboard */,
				BF94810A21F72F0C008CFE75 /* Info.plist */,
				BF94811221F86E2A008CFE75 /* Saint-Q.gpx */,
			);
			path = MapTeam;
			sourceTree = "<group>";
		};
		E54CB710850C4846D236186C /* Frameworks */ = {
			isa = PBXGroup;
			children = (
				BF94811021F74F98008CFE75 /* MapKit.framework */,
				ED95203AF08B4BFB6E9B8C3B /* Pods_MapTeam.framework */,
			);
			name = Frameworks;
			sourceTree = "<group>";
		};
/* End PBXGroup section */

/* Begin PBXNativeTarget section */
		BF9480FA21F72F0B008CFE75 /* MapTeam */ = {
			isa = PBXNativeTarget;
			buildConfigurationList = BF94810D21F72F0C008CFE75 /* Build configuration list for PBXNativeTarget "MapTeam" */;
			buildPhases = (
				D8A265D20BC4AFAB786340A7 /* [CP] Check Pods Manifest.lock */,
				BF9480F721F72F0B008CFE75 /* Sources */,
				BF9480F821F72F0B008CFE75 /* Frameworks */,
				BF9480F921F72F0B008CFE75 /* Resources */,
				805BFF2D9BD3B492F934B315 /* [CP] Embed Pods Frameworks */,
			);
			buildRules = (
			);
			dependencies = (
			);
			name = MapTeam;
			productName = MapTeam;
			productReference = BF9480FB21F72F0C008CFE75 /* MapTeam.app */;
			productType = "com.apple.product-type.application";
		};
/* End PBXNativeTarget section */

/* Begin PBXProject section */
		BF9480F321F72F0B008CFE75 /* Project object */ = {
			isa = PBXProject;
			attributes = {
				LastSwiftUpdateCheck = 0830;
				LastUpgradeCheck = 0830;
				ORGANIZATIONNAME = LouisViart;
				TargetAttributes = {
					BF9480FA21F72F0B008CFE75 = {
						CreatedOnToolsVersion = 8.3.3;
						ProvisioningStyle = Automatic;
						SystemCapabilities = {
							com.apple.Maps.iOS = {
								enabled = 1;
							};
						};
					};
				};
			};
			buildConfigurationList = BF9480F621F72F0B008CFE75 /* Build configuration list for PBXProject "MapTeam" */;
			compatibilityVersion = "Xcode 3.2";
			developmentRegion = English;
			hasScannedForEncodings = 0;
			knownRegions = (
				en,
				Base,
			);
			mainGroup = BF9480F221F72F0B008CFE75;
			productRefGroup = BF9480FC21F72F0C008CFE75 /* Products */;
			projectDirPath = "";
			projectRoot = "";
			targets = (
				BF9480FA21F72F0B008CFE75 /* MapTeam */,
			);
		};
/* End PBXProject section */

/* Begin PBXResourcesBuildPhase section */
		BF9480F921F72F0B008CFE75 /* Resources */ = {
			isa = PBXResourcesBuildPhase;
			buildActionMask = 2147483647;
			files = (
				BF94810921F72F0C008CFE75 /* LaunchScreen.storyboard in Resources */,
				BF94810621F72F0C008CFE75 /* Assets.xcassets in Resources */,
				BF94810421F72F0C008CFE75 /* Main.storyboard in Resources */,
			);
			runOnlyForDeploymentPostprocessing = 0;
		};
/* End PBXResourcesBuildPhase section */

/* Begin PBXShellScriptBuildPhase section */
		805BFF2D9BD3B492F934B315 /* [CP] Embed Pods Frameworks */ = {
			isa = PBXShellScriptBuildPhase;
			buildActionMask = 2147483647;
			files = (
			);
			inputPaths = (
				"${SRCROOT}/Pods/Target Support Files/Pods-MapTeam/Pods-MapTeam-frameworks.sh",
				"${BUILT_PRODUCTS_DIR}/Alamofire/Alamofire.framework",
			);
			name = "[CP] Embed Pods Frameworks";
			outputPaths = (
				"${TARGET_BUILD_DIR}/${FRAMEWORKS_FOLDER_PATH}/Alamofire.framework",
			);
			runOnlyForDeploymentPostprocessing = 0;
			shellPath = /bin/sh;
			shellScript = "\"${SRCROOT}/Pods/Target Support Files/Pods-MapTeam/Pods-MapTeam-frameworks.sh\"\n";
			showEnvVarsInLog = 0;
		};
		D8A265D20BC4AFAB786340A7 /* [CP] Check Pods Manifest.lock */ = {
			isa = PBXShellScriptBuildPhase;
			buildActionMask = 2147483647;
			files = (
			);
			inputPaths = (
				"${PODS_PODFILE_DIR_PATH}/Podfile.lock",
				"${PODS_ROOT}/Manifest.lock",
			);
			name = "[CP] Check Pods Manifest.lock";
			outputPaths = (
				"$(DERIVED_FILE_DIR)/Pods-MapTeam-checkManifestLockResult.txt",
			);
			runOnlyForDeploymentPostprocessing = 0;
			shellPath = /bin/sh;
			shellScript = "diff \"${PODS_PODFILE_DIR_PATH}/Podfile.lock\" \"${PODS_ROOT}/Manifest.lock\" > /dev/null\nif [ $? != 0 ] ; then\n    # print error to STDERR\n    echo \"error: The sandbox is not in sync with the Podfile.lock. Run 'pod install' or update your CocoaPods installation.\" >&2\n    exit 1\nfi\n# This output is used by Xcode 'outputs' to avoid re-running this script phase.\necho \"SUCCESS\" > \"${SCRIPT_OUTPUT_FILE_0}\"\n";
			showEnvVarsInLog = 0;
		};
/* End PBXShellScriptBuildPhase section */

/* Begin PBXSourcesBuildPhase section */
		BF9480F721F72F0B008CFE75 /* Sources */ = {
			isa = PBXSourcesBuildPhase;
			buildActionMask = 2147483647;
			files = (
				BF94810121F72F0C008CFE75 /* ViewController.swift in Sources */,
				BF9480FF21F72F0C008CFE75 /* AppDelegate.swift in Sources */,
			);
			runOnlyForDeploymentPostprocessing = 0;
		};
/* End PBXSourcesBuildPhase section */

/* Begin PBXVariantGroup section */
		BF94810221F72F0C008CFE75 /* Main.storyboard */ = {
			isa = PBXVariantGroup;
			children = (
				BF94810321F72F0C008CFE75 /* Base */,
			);
			name = Main.storyboard;
			sourceTree = "<group>";
		};
		BF94810721F72F0C008CFE75 /* LaunchScreen.storyboard */ = {
			isa = PBXVariantGroup;
			children = (
				BF94810821F72F0C008CFE75 /* Base */,
			);
			name = LaunchScreen.storyboard;
			sourceTree = "<group>";
		};
/* End PBXVariantGroup section */

/* Begin XCBuildConfiguration section */
		BF94810B21F72F0C008CFE75 /* Debug */ = {
			isa = XCBuildConfiguration;
			buildSettings = {
				ALWAYS_SEARCH_USER_PATHS = NO;
				CLANG_ANALYZER_NONNULL = YES;
				CLANG_ANALYZER_NUMBER_OBJECT_CONVERSION = YES_AGGRESSIVE;
				CLANG_CXX_LANGUAGE_STANDARD = "gnu++0x";
				CLANG_CXX_LIBRARY = "libc++";
				CLANG_ENABLE_MODULES = YES;
				CLANG_ENABLE_OBJC_ARC = YES;
				CLANG_WARN_BOOL_CONVERSION = YES;
				CLANG_WARN_CONSTANT_CONVERSION = YES;
				CLANG_WARN_DIRECT_OBJC_ISA_USAGE = YES_ERROR;
				CLANG_WARN_DOCUMENTATION_COMMENTS = YES;
				CLANG_WARN_EMPTY_BODY = YES;
				CLANG_WARN_ENUM_CONVERSION = YES;
				CLANG_WARN_INFINITE_RECURSION = YES;
				CLANG_WARN_INT_CONVERSION = YES;
				CLANG_WARN_OBJC_ROOT_CLASS = YES_ERROR;
				CLANG_WARN_SUSPICIOUS_MOVE = YES;
				CLANG_WARN_UNREACHABLE_CODE = YES;
				CLANG_WARN__DUPLICATE_METHOD_MATCH = YES;
				"CODE_SIGN_IDENTITY[sdk=iphoneos*]" = "iPhone Developer";
				COPY_PHASE_STRIP = NO;
				DEBUG_INFORMATION_FORMAT = dwarf;
				ENABLE_STRICT_OBJC_MSGSEND = YES;
				ENABLE_TESTABILITY = YES;
				GCC_C_LANGUAGE_STANDARD = gnu99;
				GCC_DYNAMIC_NO_PIC = NO;
				GCC_NO_COMMON_BLOCKS = YES;
				GCC_OPTIMIZATION_LEVEL = 0;
				GCC_PREPROCESSOR_DEFINITIONS = (
					"DEBUG=1",
					"$(inherited)",
				);
				GCC_WARN_64_TO_32_BIT_CONVERSION = YES;
				GCC_WARN_ABOUT_RETURN_TYPE = YES_ERROR;
				GCC_WARN_UNDECLARED_SELECTOR = YES;
				GCC_WARN_UNINITIALIZED_AUTOS = YES_AGGRESSIVE;
				GCC_WARN_UNUSED_FUNCTION = YES;
				GCC_WARN_UNUSED_VARIABLE = YES;
				IPHONEOS_DEPLOYMENT_TARGET = 10.3;
				MTL_ENABLE_DEBUG_INFO = YES;
				ONLY_ACTIVE_ARCH = YES;
				SDKROOT = iphoneos;
				SWIFT_ACTIVE_COMPILATION_CONDITIONS = DEBUG;
				SWIFT_OPTIMIZATION_LEVEL = "-Onone";
				TARGETED_DEVICE_FAMILY = "1,2";
			};
			name = Debug;
		};
		BF94810C21F72F0C008CFE75 /* Release */ = {
			isa = XCBuildConfiguration;
			buildSettings = {
				ALWAYS_SEARCH_USER_PATHS = NO;
				CLANG_ANALYZER_NONNULL = YES;
				CLANG_ANALYZER_NUMBER_OBJECT_CONVERSION = YES_AGGRESSIVE;
				CLANG_CXX_LANGUAGE_STANDARD = "gnu++0x";
				CLANG_CXX_LIBRARY = "libc++";
				CLANG_ENABLE_MODULES = YES;
				CLANG_ENABLE_OBJC_ARC = YES;
				CLANG_WARN_BOOL_CONVERSION = YES;
				CLANG_WARN_CONSTANT_CONVERSION = YES;
				CLANG_WARN_DIRECT_OBJC_ISA_USAGE = YES_ERROR;
				CLANG_WARN_DOCUMENTATION_COMMENTS = YES;
				CLANG_WARN_EMPTY_BODY = YES;
				CLANG_WARN_ENUM_CONVERSION = YES;
				CLANG_WARN_INFINITE_RECURSION = YES;
				CLANG_WARN_INT_CONVERSION = YES;
				CLANG_WARN_OBJC_ROOT_CLASS = YES_ERROR;
				CLANG_WARN_SUSPICIOUS_MOVE = YES;
				CLANG_WARN_UNREACHABLE_CODE = YES;
				CLANG_WARN__DUPLICATE_METHOD_MATCH = YES;
				"CODE_SIGN_IDENTITY[sdk=iphoneos*]" = "iPhone Developer";
				COPY_PHASE_STRIP = NO;
				DEBUG_INFORMATION_FORMAT = "dwarf-with-dsym";
				ENABLE_NS_ASSERTIONS = NO;
				ENABLE_STRICT_OBJC_MSGSEND = YES;
				GCC_C_LANGUAGE_STANDARD = gnu99;
				GCC_NO_COMMON_BLOCKS = YES;
				GCC_WARN_64_TO_32_BIT_CONVERSION = YES;
				GCC_WARN_ABOUT_RETURN_TYPE = YES_ERROR;
				GCC_WARN_UNDECLARED_SELECTOR = YES;
				GCC_WARN_UNINITIALIZED_AUTOS = YES_AGGRESSIVE;
				GCC_WARN_UNUSED_FUNCTION = YES;
				GCC_WARN_UNUSED_VARIABLE = YES;
				IPHONEOS_DEPLOYMENT_TARGET = 10.3;
				MTL_ENABLE_DEBUG_INFO = NO;
				SDKROOT = iphoneos;
				SWIFT_OPTIMIZATION_LEVEL = "-Owholemodule";
				TARGETED_DEVICE_FAMILY = "1,2";
				VALIDATE_PRODUCT = YES;
			};
			name = Release;
		};
		BF94810E21F72F0C008CFE75 /* Debug */ = {
			isa = XCBuildConfiguration;
			baseConfigurationReference = 49CFAA24BBE7615564F45696 /* Pods-MapTeam.debug.xcconfig */;
			buildSettings = {
				ASSETCATALOG_COMPILER_APPICON_NAME = AppIcon;
				INFOPLIST_FILE = MapTeam/Info.plist;
				LD_RUNPATH_SEARCH_PATHS = "$(inherited) @executable_path/Frameworks";
				PRODUCT_BUNDLE_IDENTIFIER = CCM.MapTeam;
				PRODUCT_NAME = "$(TARGET_NAME)";
				SWIFT_VERSION = 3.0;
			};
			name = Debug;
		};
		BF94810F21F72F0C008CFE75 /* Release */ = {
			isa = XCBuildConfiguration;
			baseConfigurationReference = 33CD3827817069FD2FC50918 /* Pods-MapTeam.release.xcconfig */;
			buildSettings = {
				ASSETCATALOG_COMPILER_APPICON_NAME = AppIcon;
				INFOPLIST_FILE = MapTeam/Info.plist;
				LD_RUNPATH_SEARCH_PATHS = "$(inherited) @executable_path/Frameworks";
				PRODUCT_BUNDLE_IDENTIFIER = CCM.MapTeam;
				PRODUCT_NAME = "$(TARGET_NAME)";
				SWIFT_VERSION = 3.0;
			};
			name = Release;
		};
/* End XCBuildConfiguration section */

/* Begin XCConfigurationList section */
		BF9480F621F72F0B008CFE75 /* Build configuration list for PBXProject "MapTeam" */ = {
			isa = XCConfigurationList;
			buildConfigurations = (
				BF94810B21F72F0C008CFE75 /* Debug */,
				BF94810C21F72F0C008CFE75 /* Release */,
			);
			defaultConfigurationIsVisible = 0;
			defaultConfigurationName = Release;
		};
		BF94810D21F72F0C008CFE75 /* Build configuration list for PBXNativeTarget "MapTeam" */ = {
			isa = XCConfigurationList;
			buildConfigurations = (
				BF94810E21F72F0C008CFE75 /* Debug */,
				BF94810F21F72F0C008CFE75 /* Release */,
			);
			defaultConfigurationIsVisible = 0;
			defaultConfigurationName = Release;
		};
/* End XCConfigurationList section */
	};
	rootObject = BF9480F321F72F0B008CFE75 /* Project object */;
}
